<?xml version="1.0" encoding="utf-8"?>
<Project ToolsVersion="4.0" xmlns="http://schemas.microsoft.com/developer/msbuild/2003">
  <ItemGroup>
    <Filter Include="源文件">
      <UniqueIdentifier>{fb9a63fa-2e6e-441f-a6b8-26c972a441af}</UniqueIdentifier>
    </Filter>
    <Filter Include="头文件">
      <UniqueIdentifier>{1e69b053-6b78-410a-be60-6cff51144946}</UniqueIdentifier>
    </Filter>
  </ItemGroup>
  <ItemGroup>
    <ClInclude Include="AlertSpi_Fast_SSE.h">
      <Filter>头文件</Filter>
    </ClInclude>
  </ItemGroup>
  <ItemGroup>
    <ClCompile Include="AlertSpi_Fast_SSE.cpp">
      <Filter>源文件</Filter>
    </ClCompile>
  </ItemGroup>
</Project>