<?xml version="1.0" encoding="utf-8"?>
<Project ToolsVersion="4.0" xmlns="http://schemas.microsoft.com/developer/msbuild/2003">
  <ItemGroup>
    <Filter Include="源文件">
      <UniqueIdentifier>{4FC737F1-C7A5-4376-A066-2A32D752A2FF}</UniqueIdentifier>
      <Extensions>cpp;c;cc;cxx;def;odl;idl;hpj;bat;asm;asmx</Extensions>
    </Filter>
    <Filter Include="头文件">
      <UniqueIdentifier>{93995380-89BD-4b04-88EB-625FBE52EBFB}</UniqueIdentifier>
      <Extensions>h;hh;hpp;hxx;hm;inl;inc;xsd</Extensions>
    </Filter>
    <Filter Include="资源文件">
      <UniqueIdentifier>{67DA6AB6-F800-4c08-8B7A-83BB121AAD01}</UniqueIdentifier>
      <Extensions>rc;ico;cur;bmp;dlg;rc2;rct;bin;rgs;gif;jpg;jpeg;jpe;resx;tiff;tif;png;wav;mfcribbon-ms</Extensions>
    </Filter>
    <Filter Include="Login">
      <UniqueIdentifier>{e6e638c9-c9f8-432b-bc62-93a0d7a4019d}</UniqueIdentifier>
    </Filter>
    <Filter Include="View">
      <UniqueIdentifier>{e9b58584-6423-4db1-ba72-88a3a01e9174}</UniqueIdentifier>
    </Filter>
  </ItemGroup>
  <ItemGroup>
    <Text Include="ReadMe.txt" />
  </ItemGroup>
  <ItemGroup>
    <ClCompile Include="CreditTrade.cpp">
      <Filter>源文件</Filter>
    </ClCompile>
    <ClCompile Include="stdafx.cpp">
      <Filter>源文件</Filter>
    </ClCompile>
    <ClCompile Include="CreditTradeSetting.cpp">
      <Filter>源文件</Filter>
    </ClCompile>
    <ClCompile Include="AlertSetting_Credit.cpp">
      <Filter>源文件</Filter>
    </ClCompile>
    <ClCompile Include="..\JG\Login_Base.cpp">
      <Filter>Login</Filter>
    </ClCompile>
    <ClCompile Include="..\T2Spi_Credit\DealPush_Credit.cpp">
      <Filter>Login</Filter>
    </ClCompile>
    <ClCompile Include="..\T2Spi_Credit\T2Spi_Credit.cpp">
      <Filter>Login</Filter>
    </ClCompile>
    <ClCompile Include="LoginCredit.cpp">
      <Filter>Login</Filter>
    </ClCompile>
    <ClCompile Include="LoginCredit_Syn.cpp">
      <Filter>Login</Filter>
    </ClCompile>
    <ClCompile Include="CreditTradeMainView.cpp">
      <Filter>源文件</Filter>
    </ClCompile>
    <ClCompile Include="AlertView_005.cpp">
      <Filter>View</Filter>
    </ClCompile>
    <ClCompile Include="FundView_004.cpp">
      <Filter>View</Filter>
    </ClCompile>
    <ClCompile Include="CreditTradeView_001.cpp">
      <Filter>View</Filter>
    </ClCompile>
    <ClCompile Include="BiaoDiQuanView_011.cpp">
      <Filter>View</Filter>
    </ClCompile>
    <ClCompile Include="DanBaoQuanView_012.cpp">
      <Filter>View</Filter>
    </ClCompile>
    <ClCompile Include="CreditAssetView_013.cpp">
      <Filter>View</Filter>
    </ClCompile>
    <ClCompile Include="..\MarketSpi_Credit_SSE\MarketSpi_Credit_SSE.cpp">
      <Filter>Login</Filter>
    </ClCompile>
    <ClCompile Include="..\MarketSpi_Credit_SZSE\MarketSpi_Credit_SZSE.cpp">
      <Filter>Login</Filter>
    </ClCompile>
    <ClCompile Include="ViewManager_credit.cpp">
      <Filter>View</Filter>
    </ClCompile>
    <ClCompile Include="CustomPoolView.cpp">
      <Filter>View</Filter>
    </ClCompile>
    <ClCompile Include="DealSummaryView.cpp">
      <Filter>View</Filter>
    </ClCompile>
    <ClCompile Include="OrderDealDetailView.cpp">
      <Filter>View</Filter>
    </ClCompile>
    <ClCompile Include="OrderEachView.cpp">
      <Filter>View</Filter>
    </ClCompile>
    <ClCompile Include="OrderView_002.cpp">
      <Filter>View</Filter>
    </ClCompile>
    <ClCompile Include="PositionView.cpp">
      <Filter>View</Filter>
    </ClCompile>
    <ClCompile Include="OrderQueueView.cpp">
      <Filter>View</Filter>
    </ClCompile>
  </ItemGroup>
  <ItemGroup>
    <ClInclude Include="CreditTrade.h">
      <Filter>头文件</Filter>
    </ClInclude>
    <ClInclude Include="stdafx.h">
      <Filter>头文件</Filter>
    </ClInclude>
    <ClInclude Include="targetver.h">
      <Filter>头文件</Filter>
    </ClInclude>
    <ClInclude Include="Resource.h">
      <Filter>头文件</Filter>
    </ClInclude>
    <ClInclude Include="CreditTradeSetting.h">
      <Filter>头文件</Filter>
    </ClInclude>
    <ClInclude Include="AlertSetting_Credit.h">
      <Filter>头文件</Filter>
    </ClInclude>
    <ClInclude Include="..\JG\Login_Base.h">
      <Filter>Login</Filter>
    </ClInclude>
    <ClInclude Include="..\T2Spi_Credit\T2Spi_Credit.h">
      <Filter>Login</Filter>
    </ClInclude>
    <ClInclude Include="Login_Credit.h">
      <Filter>Login</Filter>
    </ClInclude>
    <ClInclude Include="CreditTradeMainView.h">
      <Filter>头文件</Filter>
    </ClInclude>
    <ClInclude Include="AlertView_005.h">
      <Filter>View</Filter>
    </ClInclude>
    <ClInclude Include="Fundview_004.h">
      <Filter>View</Filter>
    </ClInclude>
    <ClInclude Include="CreditTradeView_001.h">
      <Filter>View</Filter>
    </ClInclude>
    <ClInclude Include="BiaoDiQuanView_011.h">
      <Filter>View</Filter>
    </ClInclude>
    <ClInclude Include="DanBaoQuanView_012.h">
      <Filter>View</Filter>
    </ClInclude>
    <ClInclude Include="CreditAssetView_013.h">
      <Filter>View</Filter>
    </ClInclude>
    <ClInclude Include="..\MarketSpi_Credit_SSE\MarketSpi_Credit_SSE.h">
      <Filter>Login</Filter>
    </ClInclude>
    <ClInclude Include="..\MarketSpi_Credit_SZSE\MarketSpi_Credit_SZSE.h">
      <Filter>Login</Filter>
    </ClInclude>
    <ClInclude Include="ViewManager_credit.h">
      <Filter>View</Filter>
    </ClInclude>
    <ClInclude Include="CustomPoolView.h">
      <Filter>View</Filter>
    </ClInclude>
    <ClInclude Include="DealSummaryView.h">
      <Filter>View</Filter>
    </ClInclude>
    <ClInclude Include="OrderDealDetailView.h">
      <Filter>View</Filter>
    </ClInclude>
    <ClInclude Include="OrderEachView.h">
      <Filter>View</Filter>
    </ClInclude>
    <ClInclude Include="OrderView_002.h">
      <Filter>View</Filter>
    </ClInclude>
    <ClInclude Include="PositionView.h">
      <Filter>View</Filter>
    </ClInclude>
    <ClInclude Include="OrderQueueView.h">
      <Filter>View</Filter>
    </ClInclude>
  </ItemGroup>
  <ItemGroup>
    <None Include="CreditTrade.def">
      <Filter>源文件</Filter>
    </None>
    <None Include="res\CreditTrade.rc2">
      <Filter>资源文件</Filter>
    </None>
    <None Include="res\layout\default.layout" />
  </ItemGroup>
  <ItemGroup>
    <ResourceCompile Include="CreditTrade.rc">
      <Filter>资源文件</Filter>
    </ResourceCompile>
  </ItemGroup>
  <ItemGroup>
    <Image Include="res\menu\Trade.bmp">
      <Filter>资源文件</Filter>
    </Image>
    <Image Include="res\menu\Trade_hover.bmp">
      <Filter>资源文件</Filter>
    </Image>
  </ItemGroup>
</Project>