
Microsoft Visual Studio Solution File, Format Version 12.00
# Visual Studio 14
VisualStudioVersion = 14.0.25420.1
MinimumVisualStudioVersion = 10.0.40219.1
Project("{8BC9CEB8-8B4A-11D0-8D11-00A0C91BC942}") = "JG", "JG\JG.vcxproj", "{EE798C89-6E73-41EC-9895-7A002C9F8560}"
	ProjectSection(ProjectDependencies) = postProject
		{0B28A87A-4DB1-4227-A6A0-D407154D5E75} = {0B28A87A-4DB1-4227-A6A0-D407154D5E75}
		{6FB38CB3-8E14-4BF0-A25C-1130C66BCE7D} = {6FB38CB3-8E14-4BF0-A25C-1130C66BCE7D}
		{7BF11FF6-8D60-4922-A017-9DDAFA85C335} = {7BF11FF6-8D60-4922-A017-9DDAFA85C335}
	EndProjectSection
EndProject
Project("{8BC9CEB8-8B4A-11D0-8D11-00A0C91BC942}") = "TradeData", "TradeData\TradeData.vcxproj", "{0B28A87A-4DB1-4227-A6A0-D407154D5E75}"
EndProject
Project("{2150E333-8FDC-42A3-9474-1A3956D46DE8}") = "FreeHeadFile", "FreeHeadFile", "{B33B725F-CDBE-42A4-9249-CAB133F0DF91}"
	ProjectSection(SolutionItems) = preProject
		share\Action_Define.h = share\Action_Define.h
		share\action_struct.h = share\action_struct.h
		share\define.h = share\define.h
		share\enum.h = share\enum.h
		share\Marketdll.h = share\Marketdll.h
		share\share.h = share\share.h
		share\SharedPart_Dlls.h = share\SharedPart_Dlls.h
		share\T2Spidll.h = share\T2Spidll.h
		share\through.h = share\through.h
		share\XcTrade_Define.h = share\XcTrade_Define.h
		share\XcTradeApi.h = share\XcTradeApi.h
	EndProjectSection
EndProject
Project("{8BC9CEB8-8B4A-11D0-8D11-00A0C91BC942}") = "CreditTrade", "CreditTrade\CreditTrade.vcxproj", "{959E6E3C-5078-4703-9E20-C748FEB6CB50}"
EndProject
Project("{8BC9CEB8-8B4A-11D0-8D11-00A0C91BC942}") = "FastTrade", "FastTrade\FastTrade.vcxproj", "{B077C934-391E-4CD7-A969-81468858193D}"
EndProject
Project("{2150E333-8FDC-42A3-9474-1A3956D46DE8}") = "AlertSpi", "AlertSpi", "{BE955D5C-6C02-4573-81E1-941867F455D9}"
EndProject
Project("{8BC9CEB8-8B4A-11D0-8D11-00A0C91BC942}") = "AlertSpi_Credit_SSE", "AlertSpi_Credit_SSE\AlertSpi_Credit_SSE.vcxproj", "{3E9791B2-9E7D-4512-96BC-619F29620C51}"
	ProjectSection(ProjectDependencies) = postProject
		{0B28A87A-4DB1-4227-A6A0-D407154D5E75} = {0B28A87A-4DB1-4227-A6A0-D407154D5E75}
		{6FB38CB3-8E14-4BF0-A25C-1130C66BCE7D} = {6FB38CB3-8E14-4BF0-A25C-1130C66BCE7D}
		{7BF11FF6-8D60-4922-A017-9DDAFA85C335} = {7BF11FF6-8D60-4922-A017-9DDAFA85C335}
	EndProjectSection
EndProject
Project("{8BC9CEB8-8B4A-11D0-8D11-00A0C91BC942}") = "AlertSpi_Credit_SZSE", "AlertSpi_Credit_SZSE\AlertSpi_Credit_SZSE.vcxproj", "{AAEA6D41-C78A-46BA-A926-0AA216A109C1}"
	ProjectSection(ProjectDependencies) = postProject
		{0B28A87A-4DB1-4227-A6A0-D407154D5E75} = {0B28A87A-4DB1-4227-A6A0-D407154D5E75}
		{6FB38CB3-8E14-4BF0-A25C-1130C66BCE7D} = {6FB38CB3-8E14-4BF0-A25C-1130C66BCE7D}
		{7BF11FF6-8D60-4922-A017-9DDAFA85C335} = {7BF11FF6-8D60-4922-A017-9DDAFA85C335}
	EndProjectSection
EndProject
Project("{8BC9CEB8-8B4A-11D0-8D11-00A0C91BC942}") = "AlertSpi_Fast_SSE", "AlertSpi_Fast_SSE\AlertSpi_Fast_SSE.vcxproj", "{A363F80A-423D-483B-85DF-9D06706969E8}"
	ProjectSection(ProjectDependencies) = postProject
		{0B28A87A-4DB1-4227-A6A0-D407154D5E75} = {0B28A87A-4DB1-4227-A6A0-D407154D5E75}
		{6FB38CB3-8E14-4BF0-A25C-1130C66BCE7D} = {6FB38CB3-8E14-4BF0-A25C-1130C66BCE7D}
		{7BF11FF6-8D60-4922-A017-9DDAFA85C335} = {7BF11FF6-8D60-4922-A017-9DDAFA85C335}
	EndProjectSection
EndProject
Project("{8BC9CEB8-8B4A-11D0-8D11-00A0C91BC942}") = "AlertSpi_Fast_SZSE", "AlertSpi_Fast_SZSE\AlertSpi_Fast_SZSE.vcxproj", "{632D1C06-B022-40F9-9A5E-5438EC157BD2}"
	ProjectSection(ProjectDependencies) = postProject
		{0B28A87A-4DB1-4227-A6A0-D407154D5E75} = {0B28A87A-4DB1-4227-A6A0-D407154D5E75}
		{6FB38CB3-8E14-4BF0-A25C-1130C66BCE7D} = {6FB38CB3-8E14-4BF0-A25C-1130C66BCE7D}
		{7BF11FF6-8D60-4922-A017-9DDAFA85C335} = {7BF11FF6-8D60-4922-A017-9DDAFA85C335}
	EndProjectSection
EndProject
Project("{8BC9CEB8-8B4A-11D0-8D11-00A0C91BC942}") = "share", "tool\share.vcxproj", "{6FB38CB3-8E14-4BF0-A25C-1130C66BCE7D}"
EndProject
Project("{8BC9CEB8-8B4A-11D0-8D11-00A0C91BC942}") = "AutoTrade", "AutoTrade\AutoTrade.vcxproj", "{DC2CBC9F-8BC5-494C-9167-3708BAD2A42C}"
	ProjectSection(ProjectDependencies) = postProject
		{0B28A87A-4DB1-4227-A6A0-D407154D5E75} = {0B28A87A-4DB1-4227-A6A0-D407154D5E75}
		{6FB38CB3-8E14-4BF0-A25C-1130C66BCE7D} = {6FB38CB3-8E14-4BF0-A25C-1130C66BCE7D}
		{7BF11FF6-8D60-4922-A017-9DDAFA85C335} = {7BF11FF6-8D60-4922-A017-9DDAFA85C335}
	EndProjectSection
EndProject
Project("{8BC9CEB8-8B4A-11D0-8D11-00A0C91BC942}") = "indexSpi", "indexSpi\indexSpi.vcxproj", "{03B5FF41-9F62-44DC-A894-2D8DF136EDB5}"
	ProjectSection(ProjectDependencies) = postProject
		{0B28A87A-4DB1-4227-A6A0-D407154D5E75} = {0B28A87A-4DB1-4227-A6A0-D407154D5E75}
		{6FB38CB3-8E14-4BF0-A25C-1130C66BCE7D} = {6FB38CB3-8E14-4BF0-A25C-1130C66BCE7D}
		{7BF11FF6-8D60-4922-A017-9DDAFA85C335} = {7BF11FF6-8D60-4922-A017-9DDAFA85C335}
	EndProjectSection
EndProject
Project("{8BC9CEB8-8B4A-11D0-8D11-00A0C91BC942}") = "UiCtrls", "UiCtrls\UiCtrls.vcxproj", "{7BF11FF6-8D60-4922-A017-9DDAFA85C335}"
EndProject
Project("{54435603-DBB4-11D2-8724-00A0C9A8B90C}") = "XcTrade_SetUp", "XcTrade_SetUp\XcTrade_SetUp.vdproj", "{7C4C1D95-7A5A-416F-8C0C-FF0EA8245F3D}"
EndProject
Global
	GlobalSection(SolutionConfigurationPlatforms) = preSolution
		Debug|x64 = Debug|x64
		Debug|x86 = Debug|x86
		Release|x64 = Release|x64
		Release|x86 = Release|x86
	EndGlobalSection
	GlobalSection(ProjectConfigurationPlatforms) = postSolution
		{EE798C89-6E73-41EC-9895-7A002C9F8560}.Debug|x64.ActiveCfg = Debug|x64
		{EE798C89-6E73-41EC-9895-7A002C9F8560}.Debug|x64.Build.0 = Debug|x64
		{EE798C89-6E73-41EC-9895-7A002C9F8560}.Debug|x86.ActiveCfg = Debug|Win32
		{EE798C89-6E73-41EC-9895-7A002C9F8560}.Debug|x86.Build.0 = Debug|Win32
		{EE798C89-6E73-41EC-9895-7A002C9F8560}.Release|x64.ActiveCfg = Release|x64
		{EE798C89-6E73-41EC-9895-7A002C9F8560}.Release|x64.Build.0 = Release|x64
		{EE798C89-6E73-41EC-9895-7A002C9F8560}.Release|x86.ActiveCfg = Release|Win32
		{EE798C89-6E73-41EC-9895-7A002C9F8560}.Release|x86.Build.0 = Release|Win32
		{0B28A87A-4DB1-4227-A6A0-D407154D5E75}.Debug|x64.ActiveCfg = Debug|x64
		{0B28A87A-4DB1-4227-A6A0-D407154D5E75}.Debug|x64.Build.0 = Debug|x64
		{0B28A87A-4DB1-4227-A6A0-D407154D5E75}.Debug|x86.ActiveCfg = Debug|Win32
		{0B28A87A-4DB1-4227-A6A0-D407154D5E75}.Debug|x86.Build.0 = Debug|Win32
		{0B28A87A-4DB1-4227-A6A0-D407154D5E75}.Release|x64.ActiveCfg = Release|x64
		{0B28A87A-4DB1-4227-A6A0-D407154D5E75}.Release|x64.Build.0 = Release|x64
		{0B28A87A-4DB1-4227-A6A0-D407154D5E75}.Release|x86.ActiveCfg = Release|Win32
		{0B28A87A-4DB1-4227-A6A0-D407154D5E75}.Release|x86.Build.0 = Release|Win32
		{959E6E3C-5078-4703-9E20-C748FEB6CB50}.Debug|x64.ActiveCfg = Debug|x64
		{959E6E3C-5078-4703-9E20-C748FEB6CB50}.Debug|x64.Build.0 = Debug|x64
		{959E6E3C-5078-4703-9E20-C748FEB6CB50}.Debug|x86.ActiveCfg = Debug|Win32
		{959E6E3C-5078-4703-9E20-C748FEB6CB50}.Debug|x86.Build.0 = Debug|Win32
		{959E6E3C-5078-4703-9E20-C748FEB6CB50}.Release|x64.ActiveCfg = Release|x64
		{959E6E3C-5078-4703-9E20-C748FEB6CB50}.Release|x64.Build.0 = Release|x64
		{959E6E3C-5078-4703-9E20-C748FEB6CB50}.Release|x86.ActiveCfg = Release|Win32
		{959E6E3C-5078-4703-9E20-C748FEB6CB50}.Release|x86.Build.0 = Release|Win32
		{B077C934-391E-4CD7-A969-81468858193D}.Debug|x64.ActiveCfg = Debug|x64
		{B077C934-391E-4CD7-A969-81468858193D}.Debug|x64.Build.0 = Debug|x64
		{B077C934-391E-4CD7-A969-81468858193D}.Debug|x86.ActiveCfg = Debug|Win32
		{B077C934-391E-4CD7-A969-81468858193D}.Debug|x86.Build.0 = Debug|Win32
		{B077C934-391E-4CD7-A969-81468858193D}.Release|x64.ActiveCfg = Release|x64
		{B077C934-391E-4CD7-A969-81468858193D}.Release|x64.Build.0 = Release|x64
		{B077C934-391E-4CD7-A969-81468858193D}.Release|x86.ActiveCfg = Release|Win32
		{B077C934-391E-4CD7-A969-81468858193D}.Release|x86.Build.0 = Release|Win32
		{3E9791B2-9E7D-4512-96BC-619F29620C51}.Debug|x64.ActiveCfg = Debug|x64
		{3E9791B2-9E7D-4512-96BC-619F29620C51}.Debug|x64.Build.0 = Debug|x64
		{3E9791B2-9E7D-4512-96BC-619F29620C51}.Debug|x86.ActiveCfg = Debug|Win32
		{3E9791B2-9E7D-4512-96BC-619F29620C51}.Debug|x86.Build.0 = Debug|Win32
		{3E9791B2-9E7D-4512-96BC-619F29620C51}.Release|x64.ActiveCfg = Release|x64
		{3E9791B2-9E7D-4512-96BC-619F29620C51}.Release|x64.Build.0 = Release|x64
		{3E9791B2-9E7D-4512-96BC-619F29620C51}.Release|x86.ActiveCfg = Release|Win32
		{3E9791B2-9E7D-4512-96BC-619F29620C51}.Release|x86.Build.0 = Release|Win32
		{AAEA6D41-C78A-46BA-A926-0AA216A109C1}.Debug|x64.ActiveCfg = Debug|x64
		{AAEA6D41-C78A-46BA-A926-0AA216A109C1}.Debug|x64.Build.0 = Debug|x64
		{AAEA6D41-C78A-46BA-A926-0AA216A109C1}.Debug|x86.ActiveCfg = Debug|Win32
		{AAEA6D41-C78A-46BA-A926-0AA216A109C1}.Debug|x86.Build.0 = Debug|Win32
		{AAEA6D41-C78A-46BA-A926-0AA216A109C1}.Release|x64.ActiveCfg = Release|x64
		{AAEA6D41-C78A-46BA-A926-0AA216A109C1}.Release|x64.Build.0 = Release|x64
		{AAEA6D41-C78A-46BA-A926-0AA216A109C1}.Release|x86.ActiveCfg = Release|Win32
		{AAEA6D41-C78A-46BA-A926-0AA216A109C1}.Release|x86.Build.0 = Release|Win32
		{A363F80A-423D-483B-85DF-9D06706969E8}.Debug|x64.ActiveCfg = Debug|x64
		{A363F80A-423D-483B-85DF-9D06706969E8}.Debug|x64.Build.0 = Debug|x64
		{A363F80A-423D-483B-85DF-9D06706969E8}.Debug|x86.ActiveCfg = Debug|Win32
		{A363F80A-423D-483B-85DF-9D06706969E8}.Debug|x86.Build.0 = Debug|Win32
		{A363F80A-423D-483B-85DF-9D06706969E8}.Release|x64.ActiveCfg = Release|x64
		{A363F80A-423D-483B-85DF-9D06706969E8}.Release|x64.Build.0 = Release|x64
		{A363F80A-423D-483B-85DF-9D06706969E8}.Release|x86.ActiveCfg = Release|Win32
		{A363F80A-423D-483B-85DF-9D06706969E8}.Release|x86.Build.0 = Release|Win32
		{632D1C06-B022-40F9-9A5E-5438EC157BD2}.Debug|x64.ActiveCfg = Debug|x64
		{632D1C06-B022-40F9-9A5E-5438EC157BD2}.Debug|x64.Build.0 = Debug|x64
		{632D1C06-B022-40F9-9A5E-5438EC157BD2}.Debug|x86.ActiveCfg = Debug|Win32
		{632D1C06-B022-40F9-9A5E-5438EC157BD2}.Debug|x86.Build.0 = Debug|Win32
		{632D1C06-B022-40F9-9A5E-5438EC157BD2}.Release|x64.ActiveCfg = Release|x64
		{632D1C06-B022-40F9-9A5E-5438EC157BD2}.Release|x64.Build.0 = Release|x64
		{632D1C06-B022-40F9-9A5E-5438EC157BD2}.Release|x86.ActiveCfg = Release|Win32
		{632D1C06-B022-40F9-9A5E-5438EC157BD2}.Release|x86.Build.0 = Release|Win32
		{6FB38CB3-8E14-4BF0-A25C-1130C66BCE7D}.Debug|x64.ActiveCfg = Debug|x64
		{6FB38CB3-8E14-4BF0-A25C-1130C66BCE7D}.Debug|x64.Build.0 = Debug|x64
		{6FB38CB3-8E14-4BF0-A25C-1130C66BCE7D}.Debug|x86.ActiveCfg = Debug|Win32
		{6FB38CB3-8E14-4BF0-A25C-1130C66BCE7D}.Debug|x86.Build.0 = Debug|Win32
		{6FB38CB3-8E14-4BF0-A25C-1130C66BCE7D}.Release|x64.ActiveCfg = Release|x64
		{6FB38CB3-8E14-4BF0-A25C-1130C66BCE7D}.Release|x64.Build.0 = Release|x64
		{6FB38CB3-8E14-4BF0-A25C-1130C66BCE7D}.Release|x86.ActiveCfg = Release|Win32
		{6FB38CB3-8E14-4BF0-A25C-1130C66BCE7D}.Release|x86.Build.0 = Release|Win32
		{DC2CBC9F-8BC5-494C-9167-3708BAD2A42C}.Debug|x64.ActiveCfg = Debug|x64
		{DC2CBC9F-8BC5-494C-9167-3708BAD2A42C}.Debug|x64.Build.0 = Debug|x64
		{DC2CBC9F-8BC5-494C-9167-3708BAD2A42C}.Debug|x86.ActiveCfg = Debug|Win32
		{DC2CBC9F-8BC5-494C-9167-3708BAD2A42C}.Debug|x86.Build.0 = Debug|Win32
		{DC2CBC9F-8BC5-494C-9167-3708BAD2A42C}.Release|x64.ActiveCfg = Release|x64
		{DC2CBC9F-8BC5-494C-9167-3708BAD2A42C}.Release|x64.Build.0 = Release|x64
		{DC2CBC9F-8BC5-494C-9167-3708BAD2A42C}.Release|x86.ActiveCfg = Release|Win32
		{DC2CBC9F-8BC5-494C-9167-3708BAD2A42C}.Release|x86.Build.0 = Release|Win32
		{03B5FF41-9F62-44DC-A894-2D8DF136EDB5}.Debug|x64.ActiveCfg = Debug|x64
		{03B5FF41-9F62-44DC-A894-2D8DF136EDB5}.Debug|x64.Build.0 = Debug|x64
		{03B5FF41-9F62-44DC-A894-2D8DF136EDB5}.Debug|x86.ActiveCfg = Debug|Win32
		{03B5FF41-9F62-44DC-A894-2D8DF136EDB5}.Debug|x86.Build.0 = Debug|Win32
		{03B5FF41-9F62-44DC-A894-2D8DF136EDB5}.Release|x64.ActiveCfg = Release|x64
		{03B5FF41-9F62-44DC-A894-2D8DF136EDB5}.Release|x64.Build.0 = Release|x64
		{03B5FF41-9F62-44DC-A894-2D8DF136EDB5}.Release|x86.ActiveCfg = Release|Win32
		{03B5FF41-9F62-44DC-A894-2D8DF136EDB5}.Release|x86.Build.0 = Release|Win32
		{7BF11FF6-8D60-4922-A017-9DDAFA85C335}.Debug|x64.ActiveCfg = Debug|x64
		{7BF11FF6-8D60-4922-A017-9DDAFA85C335}.Debug|x64.Build.0 = Debug|x64
		{7BF11FF6-8D60-4922-A017-9DDAFA85C335}.Debug|x86.ActiveCfg = Debug|Win32
		{7BF11FF6-8D60-4922-A017-9DDAFA85C335}.Debug|x86.Build.0 = Debug|Win32
		{7BF11FF6-8D60-4922-A017-9DDAFA85C335}.Release|x64.ActiveCfg = Release|x64
		{7BF11FF6-8D60-4922-A017-9DDAFA85C335}.Release|x64.Build.0 = Release|x64
		{7BF11FF6-8D60-4922-A017-9DDAFA85C335}.Release|x86.ActiveCfg = Release|Win32
		{7BF11FF6-8D60-4922-A017-9DDAFA85C335}.Release|x86.Build.0 = Release|Win32
		{7C4C1D95-7A5A-416F-8C0C-FF0EA8245F3D}.Debug|x64.ActiveCfg = Debug
		{7C4C1D95-7A5A-416F-8C0C-FF0EA8245F3D}.Debug|x86.ActiveCfg = Debug
		{7C4C1D95-7A5A-416F-8C0C-FF0EA8245F3D}.Release|x64.ActiveCfg = Release
		{7C4C1D95-7A5A-416F-8C0C-FF0EA8245F3D}.Release|x86.ActiveCfg = Release
	EndGlobalSection
	GlobalSection(SolutionProperties) = preSolution
		HideSolutionNode = FALSE
	EndGlobalSection
	GlobalSection(NestedProjects) = preSolution
		{3E9791B2-9E7D-4512-96BC-619F29620C51} = {BE955D5C-6C02-4573-81E1-941867F455D9}
		{AAEA6D41-C78A-46BA-A926-0AA216A109C1} = {BE955D5C-6C02-4573-81E1-941867F455D9}
		{A363F80A-423D-483B-85DF-9D06706969E8} = {BE955D5C-6C02-4573-81E1-941867F455D9}
		{632D1C06-B022-40F9-9A5E-5438EC157BD2} = {BE955D5C-6C02-4573-81E1-941867F455D9}
		{03B5FF41-9F62-44DC-A894-2D8DF136EDB5} = {BE955D5C-6C02-4573-81E1-941867F455D9}
	EndGlobalSection
EndGlobal
