<?xml version="1.0" encoding="utf-8"?>
<Project ToolsVersion="4.0" xmlns="http://schemas.microsoft.com/developer/msbuild/2003">
  <ItemGroup>
    <Filter Include="源文件">
      <UniqueIdentifier>{e476f268-a98b-433d-a936-525d21e73e05}</UniqueIdentifier>
    </Filter>
    <Filter Include="头文件">
      <UniqueIdentifier>{489bff1c-5bca-4de7-ae88-7d4d6d5a1367}</UniqueIdentifier>
    </Filter>
  </ItemGroup>
  <ItemGroup>
    <ClInclude Include="AlertSpi_Credit_SZSE.h">
      <Filter>头文件</Filter>
    </ClInclude>
  </ItemGroup>
  <ItemGroup>
    <ClCompile Include="AlertSpi_Credit_SZSE.cpp">
      <Filter>源文件</Filter>
    </ClCompile>
  </ItemGroup>
</Project>