<?xml version="1.0" encoding="utf-8"?>
<Project ToolsVersion="4.0" xmlns="http://schemas.microsoft.com/developer/msbuild/2003">
  <ItemGroup>
    <Filter Include="源文件">
      <UniqueIdentifier>{4FC737F1-C7A5-4376-A066-2A32D752A2FF}</UniqueIdentifier>
      <Extensions>cpp;c;cc;cxx;def;odl;idl;hpj;bat;asm;asmx</Extensions>
    </Filter>
    <Filter Include="资源文件">
      <UniqueIdentifier>{67DA6AB6-F800-4c08-8B7A-83BB121AAD01}</UniqueIdentifier>
      <Extensions>rc;ico;cur;bmp;dlg;rc2;rct;bin;rgs;gif;jpg;jpeg;jpe;resx;tiff;tif;png;wav;mfcribbon-ms</Extensions>
    </Filter>
    <Filter Include="头文件">
      <UniqueIdentifier>{b01febd8-db4c-455c-a6b0-7da27ff972cb}</UniqueIdentifier>
    </Filter>
  </ItemGroup>
  <ItemGroup>
    <Text Include="ReadMe.txt" />
  </ItemGroup>
  <ItemGroup>
    <ClCompile Include="UiCtrls\GridCtrl.cpp">
      <Filter>源文件</Filter>
    </ClCompile>
    <ClCompile Include="UiCtrls\GridCtrlEx.cpp">
      <Filter>源文件</Filter>
    </ClCompile>
    <ClCompile Include="UiCtrls\SimpleEdit.cpp">
      <Filter>源文件</Filter>
    </ClCompile>
    <ClCompile Include="UiCtrls\DockLayoutWnd.cpp">
      <Filter>源文件</Filter>
    </ClCompile>
    <ClCompile Include="UiCtrls\stb_image.cpp">
      <Filter>源文件</Filter>
    </ClCompile>
    <ClCompile Include="UiCtrls\SimpleButtonEdit.cpp">
      <Filter>源文件</Filter>
    </ClCompile>
    <ClCompile Include="UiCtrls\SimpleGrid.cpp">
      <Filter>源文件</Filter>
    </ClCompile>
    <ClCompile Include="UiCtrls\PageContainer.cpp">
      <Filter>源文件</Filter>
    </ClCompile>
    <ClCompile Include="UiCtrls\DockTabPane.cpp">
      <Filter>源文件</Filter>
    </ClCompile>
    <ClCompile Include="UiCtrls\SimpleCalendar.cpp">
      <Filter>源文件</Filter>
    </ClCompile>
    <ClCompile Include="UiCtrls\SimpleCheckbox.cpp">
      <Filter>源文件</Filter>
    </ClCompile>
    <ClCompile Include="UiCtrls\SimpleComboBox.cpp">
      <Filter>源文件</Filter>
    </ClCompile>
    <ClCompile Include="UiCtrls\SimpleDateTimePicker.cpp">
      <Filter>源文件</Filter>
    </ClCompile>
    <ClCompile Include="UiCtrls\SimpleImageControl.cpp">
      <Filter>源文件</Filter>
    </ClCompile>
    <ClCompile Include="UiCtrls\SimplePopupMenu.cpp">
      <Filter>源文件</Filter>
    </ClCompile>
    <ClCompile Include="UiCtrls\SimplePopupMenuEx.cpp">
      <Filter>源文件</Filter>
    </ClCompile>
    <ClCompile Include="UiCtrls\SimpleRadioButton.cpp">
      <Filter>源文件</Filter>
    </ClCompile>
    <ClCompile Include="UiCtrls\SimpleTitleBar.cpp">
      <Filter>源文件</Filter>
    </ClCompile>
    <ClCompile Include="UiCtrls\SelectButtonPopupWindow.cpp">
      <Filter>源文件</Filter>
    </ClCompile>
    <ClCompile Include="UiCtrls\SimpleArrowButton.cpp">
      <Filter>源文件</Filter>
    </ClCompile>
    <ClCompile Include="UiCtrls\SimpleArrowButtonEx.cpp">
      <Filter>源文件</Filter>
    </ClCompile>
    <ClCompile Include="UiCtrls\DLLFrameWnd.cpp">
      <Filter>源文件</Filter>
    </ClCompile>
    <ClCompile Include="UiCtrls\SimpleStatic.cpp">
      <Filter>源文件</Filter>
    </ClCompile>
    <ClCompile Include="UiCtrls\SpecialImageButton.cpp">
      <Filter>源文件</Filter>
    </ClCompile>
    <ClCompile Include="UiCtrls\DockWindow.cpp">
      <Filter>源文件</Filter>
    </ClCompile>
    <ClCompile Include="UiCtrls\SimpleDockPane.cpp">
      <Filter>源文件</Filter>
    </ClCompile>
    <ClCompile Include="UiCtrls\GridCellCheck.cpp">
      <Filter>源文件</Filter>
    </ClCompile>
    <ClCompile Include="UiCtrls\SimpleSeparator.cpp">
      <Filter>源文件</Filter>
    </ClCompile>
    <ClCompile Include="UiCtrls\SimpleImageButton.cpp">
      <Filter>源文件</Filter>
    </ClCompile>
    <ClCompile Include="UiCtrls\SimpleButton.cpp">
      <Filter>源文件</Filter>
    </ClCompile>
    <ClCompile Include="UiCtrls\CustomTabCtrl.cpp">
      <Filter>源文件</Filter>
    </ClCompile>
    <ClCompile Include="UiCtrls\SimpleScrollbar.cpp">
      <Filter>源文件</Filter>
    </ClCompile>
    <ClCompile Include="UiCtrls\DotNetTabCtrl.cpp">
      <Filter>源文件</Filter>
    </ClCompile>
    <ClCompile Include="UiCtrls\GridCellButtonEdit.cpp">
      <Filter>源文件</Filter>
    </ClCompile>
    <ClCompile Include="UiCtrls\InPlaceButtonEdit.cpp">
      <Filter>源文件</Filter>
    </ClCompile>
    <ClCompile Include="UiCtrls\TabDockManager.cpp">
      <Filter>源文件</Filter>
    </ClCompile>
    <ClCompile Include="UiCtrls\DrawFun.cpp">
      <Filter>源文件</Filter>
    </ClCompile>
    <ClCompile Include="UiCtrls\BaseUIControl.cpp">
      <Filter>源文件</Filter>
    </ClCompile>
    <ClCompile Include="UiCtrls\GridCell.cpp">
      <Filter>源文件</Filter>
    </ClCompile>
    <ClCompile Include="UiCtrls\SelectButtonInplaceEdit.cpp">
      <Filter>源文件</Filter>
    </ClCompile>
    <ClCompile Include="UiCtrls\SimpleGraph.cpp">
      <Filter>源文件</Filter>
    </ClCompile>
    <ClCompile Include="UiCtrls\PasswordEdit.cpp">
      <Filter>源文件</Filter>
    </ClCompile>
    <ClCompile Include="UiCtrls\SimpleTime.cpp">
      <Filter>源文件</Filter>
    </ClCompile>
    <ClCompile Include="UiCtrls\SelectButtonListBox.cpp">
      <Filter>源文件</Filter>
    </ClCompile>
    <ClCompile Include="UiCtrls\PlaceList.cpp">
      <Filter>源文件</Filter>
    </ClCompile>
    <ClCompile Include="UiCtrls\SimpleGram.cpp">
      <Filter>源文件</Filter>
    </ClCompile>
    <ClCompile Include="UiCtrls\PriceButton.cpp">
      <Filter>源文件</Filter>
    </ClCompile>
    <ClCompile Include="UiCtrls\QdComboBox.cpp">
      <Filter>源文件</Filter>
    </ClCompile>
    <ClCompile Include="UiCtrls\amsEdit.cpp">
      <Filter>源文件</Filter>
    </ClCompile>
    <ClCompile Include="UiCtrls\Tracker.cpp">
      <Filter>源文件</Filter>
    </ClCompile>
    <ClCompile Include="UiCtrls\InPlaceHotkeyEdit.cpp">
      <Filter>源文件</Filter>
    </ClCompile>
    <ClCompile Include="UiCtrls\GridCellCombo.cpp">
      <Filter>源文件</Filter>
    </ClCompile>
    <ClCompile Include="UiCtrls\GridCellNumberEdit.cpp">
      <Filter>源文件</Filter>
    </ClCompile>
    <ClCompile Include="UiCtrls\GridCellTime.cpp">
      <Filter>源文件</Filter>
    </ClCompile>
    <ClCompile Include="UiCtrls\TitleTip.cpp">
      <Filter>源文件</Filter>
    </ClCompile>
    <ClCompile Include="UiCtrls\InPlaceIntEdit.cpp">
      <Filter>源文件</Filter>
    </ClCompile>
    <ClCompile Include="UiCtrls\InPlaceTime.cpp">
      <Filter>源文件</Filter>
    </ClCompile>
    <ClCompile Include="UiCtrls\GridCellDoubleEdit.cpp">
      <Filter>源文件</Filter>
    </ClCompile>
    <ClCompile Include="UiCtrls\InPlaceEdit.cpp">
      <Filter>源文件</Filter>
    </ClCompile>
    <ClCompile Include="UiCtrls\GridDropTarget.cpp">
      <Filter>源文件</Filter>
    </ClCompile>
    <ClCompile Include="UiCtrls\GridCellBase.cpp">
      <Filter>源文件</Filter>
    </ClCompile>
    <ClCompile Include="UiCtrls\GridCellHotkeyEdit.cpp">
      <Filter>源文件</Filter>
    </ClCompile>
    <ClCompile Include="UiCtrls\InputTime.cpp">
      <Filter>源文件</Filter>
    </ClCompile>
    <ClCompile Include="UiCtrls\InPlaceFastkeyEdit.cpp">
      <Filter>源文件</Filter>
    </ClCompile>
    <ClCompile Include="UiCtrls\SimpleMultilineEdit.cpp">
      <Filter>源文件</Filter>
    </ClCompile>
    <ClCompile Include="UiCtrls\TTComboBox.cpp">
      <Filter>源文件</Filter>
    </ClCompile>
    <ClCompile Include="UiCtrls\MessageEdit.cpp">
      <Filter>源文件</Filter>
    </ClCompile>
    <ClCompile Include="UiCtrls\SimpleSelectButton.cpp">
      <Filter>源文件</Filter>
    </ClCompile>
    <ClCompile Include="UiCtrls\stdafx.cpp">
      <Filter>源文件</Filter>
    </ClCompile>
    <ClCompile Include="include\HLayoutMgr.cpp">
      <Filter>头文件</Filter>
    </ClCompile>
    <ClCompile Include="include\HotkeyEdit.cpp">
      <Filter>头文件</Filter>
    </ClCompile>
    <ClCompile Include="UiCtrls\SimpleTree.cpp">
      <Filter>源文件</Filter>
    </ClCompile>
    <ClCompile Include="UiCtrls\CompareDlg.cpp">
      <Filter>源文件</Filter>
    </ClCompile>
    <ClCompile Include="UiCtrls\CompareEdit.cpp">
      <Filter>源文件</Filter>
    </ClCompile>
    <ClCompile Include="UiCtrls\CompareInplaceEdit.cpp">
      <Filter>源文件</Filter>
    </ClCompile>
    <ClCompile Include="UiCtrls\CompareListBox.cpp">
      <Filter>源文件</Filter>
    </ClCompile>
  </ItemGroup>
  <ItemGroup>
    <ClInclude Include="include\amsEdit.h">
      <Filter>头文件</Filter>
    </ClInclude>
    <ClInclude Include="include\BaseUIControl.h">
      <Filter>头文件</Filter>
    </ClInclude>
    <ClInclude Include="include\CellRange.h">
      <Filter>头文件</Filter>
    </ClInclude>
    <ClInclude Include="include\CustomTabCtrl.h">
      <Filter>头文件</Filter>
    </ClInclude>
    <ClInclude Include="include\DLLFrameWnd.h">
      <Filter>头文件</Filter>
    </ClInclude>
    <ClInclude Include="include\DockLayoutWnd.h">
      <Filter>头文件</Filter>
    </ClInclude>
    <ClInclude Include="include\DockManager.h">
      <Filter>头文件</Filter>
    </ClInclude>
    <ClInclude Include="include\docktabpane.h">
      <Filter>头文件</Filter>
    </ClInclude>
    <ClInclude Include="include\DockWindow.h">
      <Filter>头文件</Filter>
    </ClInclude>
    <ClInclude Include="include\DotNetTabCtrl.h">
      <Filter>头文件</Filter>
    </ClInclude>
    <ClInclude Include="include\DrawFun.h">
      <Filter>头文件</Filter>
    </ClInclude>
    <ClInclude Include="include\GridCell.h">
      <Filter>头文件</Filter>
    </ClInclude>
    <ClInclude Include="include\GridCellBase.h">
      <Filter>头文件</Filter>
    </ClInclude>
    <ClInclude Include="include\GridCellButtonEdit.h">
      <Filter>头文件</Filter>
    </ClInclude>
    <ClInclude Include="include\GridCellCheck.h">
      <Filter>头文件</Filter>
    </ClInclude>
    <ClInclude Include="include\GridCellCombo.h">
      <Filter>头文件</Filter>
    </ClInclude>
    <ClInclude Include="include\GridCellDoubleEdit.h">
      <Filter>头文件</Filter>
    </ClInclude>
    <ClInclude Include="include\GridCellHotkeyEdit.h">
      <Filter>头文件</Filter>
    </ClInclude>
    <ClInclude Include="include\GridCellNumberEdit.h">
      <Filter>头文件</Filter>
    </ClInclude>
    <ClInclude Include="include\GridCellTime.h">
      <Filter>头文件</Filter>
    </ClInclude>
    <ClInclude Include="include\GridCtrl.h">
      <Filter>头文件</Filter>
    </ClInclude>
    <ClInclude Include="include\GridCtrlEx.h">
      <Filter>头文件</Filter>
    </ClInclude>
    <ClInclude Include="include\GridDropTarget.h">
      <Filter>头文件</Filter>
    </ClInclude>
    <ClInclude Include="include\HLayoutMgr.h">
      <Filter>头文件</Filter>
    </ClInclude>
    <ClInclude Include="include\HotkeyEdit.h">
      <Filter>头文件</Filter>
    </ClInclude>
    <ClInclude Include="include\InPlaceButtonEdit.h">
      <Filter>头文件</Filter>
    </ClInclude>
    <ClInclude Include="include\InPlaceEdit.h">
      <Filter>头文件</Filter>
    </ClInclude>
    <ClInclude Include="include\InPlaceFastkeyEdit.h">
      <Filter>头文件</Filter>
    </ClInclude>
    <ClInclude Include="include\InPlaceHotkeyEdit.h">
      <Filter>头文件</Filter>
    </ClInclude>
    <ClInclude Include="include\InPlaceIntEdit.h">
      <Filter>头文件</Filter>
    </ClInclude>
    <ClInclude Include="include\InPlaceTime.h">
      <Filter>头文件</Filter>
    </ClInclude>
    <ClInclude Include="include\InputTime.h">
      <Filter>头文件</Filter>
    </ClInclude>
    <ClInclude Include="include\KLineGraph.h">
      <Filter>头文件</Filter>
    </ClInclude>
    <ClInclude Include="include\MemDC.h">
      <Filter>头文件</Filter>
    </ClInclude>
    <ClInclude Include="include\MessageEdit.h">
      <Filter>头文件</Filter>
    </ClInclude>
    <ClInclude Include="include\pagecontainer.h">
      <Filter>头文件</Filter>
    </ClInclude>
    <ClInclude Include="include\PasswordEdit.h">
      <Filter>头文件</Filter>
    </ClInclude>
    <ClInclude Include="include\PlaceList.h">
      <Filter>头文件</Filter>
    </ClInclude>
    <ClInclude Include="include\PriceButton.h">
      <Filter>头文件</Filter>
    </ClInclude>
    <ClInclude Include="include\PubDefine.h">
      <Filter>头文件</Filter>
    </ClInclude>
    <ClInclude Include="include\QdComboBox.h">
      <Filter>头文件</Filter>
    </ClInclude>
    <ClInclude Include="include\QdControlMsgID.h">
      <Filter>头文件</Filter>
    </ClInclude>
    <ClInclude Include="include\QdUiLib.h">
      <Filter>头文件</Filter>
    </ClInclude>
    <ClInclude Include="include\SelectButtonInplaceEdit.h">
      <Filter>头文件</Filter>
    </ClInclude>
    <ClInclude Include="include\SelectButtonListBox.h">
      <Filter>头文件</Filter>
    </ClInclude>
    <ClInclude Include="include\SelectButtonPopupWindow.h">
      <Filter>头文件</Filter>
    </ClInclude>
    <ClInclude Include="include\SimpleArrowButton.h">
      <Filter>头文件</Filter>
    </ClInclude>
    <ClInclude Include="include\SimpleArrowButtonEx.h">
      <Filter>头文件</Filter>
    </ClInclude>
    <ClInclude Include="include\SimpleButton.h">
      <Filter>头文件</Filter>
    </ClInclude>
    <ClInclude Include="include\SimpleButtonEdit.h">
      <Filter>头文件</Filter>
    </ClInclude>
    <ClInclude Include="include\SimpleCalendar.h">
      <Filter>头文件</Filter>
    </ClInclude>
    <ClInclude Include="include\SimpleCheckbox.h">
      <Filter>头文件</Filter>
    </ClInclude>
    <ClInclude Include="include\SimpleComboBox.h">
      <Filter>头文件</Filter>
    </ClInclude>
    <ClInclude Include="include\SimpleDateTimePicker.h">
      <Filter>头文件</Filter>
    </ClInclude>
    <ClInclude Include="include\SimpleDockPane.h">
      <Filter>头文件</Filter>
    </ClInclude>
    <ClInclude Include="include\SimpleEdit.h">
      <Filter>头文件</Filter>
    </ClInclude>
    <ClInclude Include="include\SimpleGram.h">
      <Filter>头文件</Filter>
    </ClInclude>
    <ClInclude Include="include\SimpleGraph.h">
      <Filter>头文件</Filter>
    </ClInclude>
    <ClInclude Include="include\SimpleGrid.h">
      <Filter>头文件</Filter>
    </ClInclude>
    <ClInclude Include="include\SimpleImageButton.h">
      <Filter>头文件</Filter>
    </ClInclude>
    <ClInclude Include="include\SimpleImageControl.h">
      <Filter>头文件</Filter>
    </ClInclude>
    <ClInclude Include="include\SimpleMultilineEdit.h">
      <Filter>头文件</Filter>
    </ClInclude>
    <ClInclude Include="include\SimplePopupMenu.h">
      <Filter>头文件</Filter>
    </ClInclude>
    <ClInclude Include="include\SimplePopupMenuEx.h">
      <Filter>头文件</Filter>
    </ClInclude>
    <ClInclude Include="include\SimpleRadioButton.h">
      <Filter>头文件</Filter>
    </ClInclude>
    <ClInclude Include="include\SimpleScrollbar.h">
      <Filter>头文件</Filter>
    </ClInclude>
    <ClInclude Include="include\SimpleSelectButton.h">
      <Filter>头文件</Filter>
    </ClInclude>
    <ClInclude Include="include\SimpleSeparator.h">
      <Filter>头文件</Filter>
    </ClInclude>
    <ClInclude Include="include\SimpleSplitter.h">
      <Filter>头文件</Filter>
    </ClInclude>
    <ClInclude Include="include\SimpleTabCtrl.h">
      <Filter>头文件</Filter>
    </ClInclude>
    <ClInclude Include="include\SimpleTime.h">
      <Filter>头文件</Filter>
    </ClInclude>
    <ClInclude Include="include\SimpleTitleBar.h">
      <Filter>头文件</Filter>
    </ClInclude>
    <ClInclude Include="include\SpecialImageButton.h">
      <Filter>头文件</Filter>
    </ClInclude>
    <ClInclude Include="include\stb_image.h">
      <Filter>头文件</Filter>
    </ClInclude>
    <ClInclude Include="include\stdafx.h">
      <Filter>头文件</Filter>
    </ClInclude>
    <ClInclude Include="include\TabDockManager.h">
      <Filter>头文件</Filter>
    </ClInclude>
    <ClInclude Include="include\TitleTip.h">
      <Filter>头文件</Filter>
    </ClInclude>
    <ClInclude Include="include\Tracker.h">
      <Filter>头文件</Filter>
    </ClInclude>
    <ClInclude Include="include\TTComboBox.h">
      <Filter>头文件</Filter>
    </ClInclude>
    <ClInclude Include="include\UiDefine.h">
      <Filter>头文件</Filter>
    </ClInclude>
    <ClInclude Include="resource1.h" />
    <ClInclude Include="include\SimpleTree.h">
      <Filter>头文件</Filter>
    </ClInclude>
    <ClInclude Include="include\CompareDlg.h">
      <Filter>头文件</Filter>
    </ClInclude>
    <ClInclude Include="include\CompareEdit.h">
      <Filter>头文件</Filter>
    </ClInclude>
    <ClInclude Include="include\CompareInplaceEdit.h">
      <Filter>头文件</Filter>
    </ClInclude>
    <ClInclude Include="include\CompareListBox.h">
      <Filter>头文件</Filter>
    </ClInclude>
    <ClInclude Include="include\SimpleStatic.h">
      <Filter>头文件</Filter>
    </ClInclude>
  </ItemGroup>
  <ItemGroup>
    <ResourceCompile Include="UiCtrls.rc">
      <Filter>资源文件</Filter>
    </ResourceCompile>
  </ItemGroup>
</Project>