<?xml version="1.0" encoding="utf-8"?>
<Project ToolsVersion="4.0" xmlns="http://schemas.microsoft.com/developer/msbuild/2003">
  <ItemGroup>
    <Filter Include="源文件">
      <UniqueIdentifier>{080e73d4-c482-41da-aa74-d7495bf04fe1}</UniqueIdentifier>
    </Filter>
    <Filter Include="头文件">
      <UniqueIdentifier>{80ed1528-1f83-4da0-a376-c959baf0bfd9}</UniqueIdentifier>
    </Filter>
  </ItemGroup>
  <ItemGroup>
    <ClInclude Include="MarketSpi_Fast_SZSE.h">
      <Filter>头文件</Filter>
    </ClInclude>
    <ClInclude Include="..\MarketSpi\MarketSpi.h">
      <Filter>头文件</Filter>
    </ClInclude>
  </ItemGroup>
  <ItemGroup>
    <ClCompile Include="MarketSpi_Fast_SZSE.cpp">
      <Filter>源文件</Filter>
    </ClCompile>
    <ClCompile Include="..\MarketSpi\MarketSpi.cpp">
      <Filter>源文件</Filter>
    </ClCompile>
  </ItemGroup>
</Project>